
Microsoft Visual Studio Solution File, Format Version 12.00
# Visual Studio Version 17
VisualStudioVersion = 17.3.32929.385
MinimumVisualStudioVersion = 10.0.40219.1
Project("{9A19103F-16F7-4668-BE54-9A1E7A4F7556}") = "LSPApi", "LSPApi\LSPApi.csproj", "{157376F6-A97F-49B0-8FB9-C3B00984CD2E}"
EndProject
Project("{9A19103F-16F7-4668-BE54-9A1E7A4F7556}") = "DataLayer", "DataLayer\DataLayer.csproj", "{2FAD584D-0E89-42D6-83F2-CB8B8952DDBA}"
EndProject
Global
	GlobalSection(SolutionConfigurationPlatforms) = preSolution
		Debug|Any CPU = Debug|Any CPU
		Release|Any CPU = Release|Any CPU
	EndGlobalSection
	GlobalSection(ProjectConfigurationPlatforms) = postSolution
		{157376F6-A97F-49B0-8FB9-C3B00984CD2E}.Debug|Any CPU.ActiveCfg = Debug|Any CPU
		{157376F6-A97F-49B0-8FB9-C3B00984CD2E}.Debug|Any CPU.Build.0 = Debug|Any CPU
		{157376F6-A97F-49B0-8FB9-C3B00984CD2E}.Release|Any CPU.ActiveCfg = Release|Any CPU
		{157376F6-A97F-49B0-8FB9-C3B00984CD2E}.Release|Any CPU.Build.0 = Release|Any CPU
		{2FAD584D-0E89-42D6-83F2-CB8B8952DDBA}.Debug|Any CPU.ActiveCfg = Debug|Any CPU
		{2FAD584D-0E89-42D6-83F2-CB8B8952DDBA}.Debug|Any CPU.Build.0 = Debug|Any CPU
		{2FAD584D-0E89-42D6-83F2-CB8B8952DDBA}.Release|Any CPU.ActiveCfg = Release|Any CPU
		{2FAD584D-0E89-42D6-83F2-CB8B8952DDBA}.Release|Any CPU.Build.0 = Release|Any CPU
	EndGlobalSection
	GlobalSection(SolutionProperties) = preSolution
		HideSolutionNode = FALSE
	EndGlobalSection
	GlobalSection(ExtensibilityGlobals) = postSolution
		SolutionGuid = {F98FFD92-1AF9-4611-B150-A87219B67AF1}
	EndGlobalSection
EndGlobal
